
Microsoft Visual Studio Solution File, Format Version 12.00
# Visual Studio Version 17
VisualStudioVersion = 17.2.32616.157
MinimumVisualStudioVersion = 10.0.40219.1
Project("{FAE04EC0-301F-11D3-BF4B-00C04F79EFBC}") = "Ether", "Ether\Ether.csproj", "{5450149B-F17D-48BA-BFFD-CB9459E06353}"
EndProject
Global
	GlobalSection(SolutionConfigurationPlatforms) = preSolution
		Debug|Any CPU = Debug|Any CPU
		Release|Any CPU = Release|Any CPU
	EndGlobalSection
	GlobalSection(ProjectConfigurationPlatforms) = postSolution
		{5450149B-F17D-48BA-BFFD-CB9459E06353}.Debug|Any CPU.ActiveCfg = Debug|Any CPU
		{5450149B-F17D-48BA-BFFD-CB9459E06353}.Debug|Any CPU.Build.0 = Debug|Any CPU
		{5450149B-F17D-48BA-BFFD-CB9459E06353}.Release|Any CPU.ActiveCfg = Release|Any CPU
		{5450149B-F17D-48BA-BFFD-CB9459E06353}.Release|Any CPU.Build.0 = Release|Any CPU
	EndGlobalSection
	GlobalSection(SolutionProperties) = preSolution
		HideSolutionNode = FALSE
	EndGlobalSection
	GlobalSection(ExtensibilityGlobals) = postSolution
		SolutionGuid = {D2A540AC-E3A9-4FBE-B4A2-E672CDA77696}
	EndGlobalSection
EndGlobal
